Microsoft Visual Studio Solution File, Format Version 12.00
# Visual Studio 15
VisualStudioVersion = 15.0.28010.2048
MinimumVisualStudioVersion = 10.0.40219.1
Project("{FAE04EC0-301F-11D3-BF4B-00C04F79EFBC}") = "NorthwindTest.Svc", "NorthwindTest.Svc\NorthwindTest.Svc.csproj", "{572079C4-4122-4EED-B642-959DF2A58899}"
EndProject
Project("{FAE04EC0-301F-11D3-BF4B-00C04F79EFBC}") = "NorthwindTest3.RestApi", "NorthwindTest3.RestApi\NorthwindTest3.RestApi.csproj", "{220A1E29-37E1-4B60-B0FB-508D0D6A3B98}"
EndProject
Global
	GlobalSection(SolutionConfigurationPlatforms) = preSolution
		Debug|Any CPU = Debug|Any CPU
		Release|Any CPU = Release|Any CPU
	EndGlobalSection
	GlobalSection(ProjectConfigurationPlatforms) = postSolution
		{572079C4-4122-4EED-B642-959DF2A58899}.Debug|Any CPU.ActiveCfg = Debug|Any CPU
		{572079C4-4122-4EED-B642-959DF2A58899}.Debug|Any CPU.Build.0 = Debug|Any CPU
		{572079C4-4122-4EED-B642-959DF2A58899}.Release|Any CPU.ActiveCfg = Release|Any CPU
		{572079C4-4122-4EED-B642-959DF2A58899}.Release|Any CPU.Build.0 = Release|Any CPU
		{220A1E29-37E1-4B60-B0FB-508D0D6A3B98}.Debug|Any CPU.ActiveCfg = Debug|Any CPU
		{220A1E29-37E1-4B60-B0FB-508D0D6A3B98}.Debug|Any CPU.Build.0 = Debug|Any CPU
		{220A1E29-37E1-4B60-B0FB-508D0D6A3B98}.Release|Any CPU.ActiveCfg = Release|Any CPU
		{220A1E29-37E1-4B60-B0FB-508D0D6A3B98}.Release|Any CPU.Build.0 = Release|Any CPU
	EndGlobalSection
	GlobalSection(SolutionProperties) = preSolution
		HideSolutionNode = FALSE
	EndGlobalSection
	GlobalSection(ExtensibilityGlobals) = postSolution
		SolutionGuid = {935BEBCA-7212-4C1B-BDDA-803AA868F41D}
	EndGlobalSection
EndGlobal
