Microsoft Visual Studio Solution File, Format Version 12.00
# Visual Studio 15
VisualStudioVersion = 15.0.28010.2048
MinimumVisualStudioVersion = 10.0.40219.1
Project("{FAE04EC0-301F-11D3-BF4B-00C04F79EFBC}") = "NorthwindClassLibrary", "NorthwindClassLibray\NorthwindClassLibrary.csproj", "{4546CCB3-8B28-4E53-946A-A50D0B5530B6}"
EndProject
Project("{FAE04EC0-301F-11D3-BF4B-00C04F79EFBC}") = "ConsoleApp1", "ConsoleApp1\ConsoleApp1.csproj", "{645F49BB-3F31-4B86-8858-E3628F9BDB19}"
EndProject
Global
	GlobalSection(SolutionConfigurationPlatforms) = preSolution
		Debug|Any CPU = Debug|Any CPU
		Release|Any CPU = Release|Any CPU
	EndGlobalSection
	GlobalSection(ProjectConfigurationPlatforms) = postSolution
		{4546CCB3-8B28-4E53-946A-A50D0B5530B6}.Debug|Any CPU.ActiveCfg = Debug|Any CPU
		{4546CCB3-8B28-4E53-946A-A50D0B5530B6}.Debug|Any CPU.Build.0 = Debug|Any CPU
		{4546CCB3-8B28-4E53-946A-A50D0B5530B6}.Release|Any CPU.ActiveCfg = Release|Any CPU
		{4546CCB3-8B28-4E53-946A-A50D0B5530B6}.Release|Any CPU.Build.0 = Release|Any CPU
		{645F49BB-3F31-4B86-8858-E3628F9BDB19}.Debug|Any CPU.ActiveCfg = Debug|Any CPU
		{645F49BB-3F31-4B86-8858-E3628F9BDB19}.Debug|Any CPU.Build.0 = Debug|Any CPU
		{645F49BB-3F31-4B86-8858-E3628F9BDB19}.Release|Any CPU.ActiveCfg = Release|Any CPU
		{645F49BB-3F31-4B86-8858-E3628F9BDB19}.Release|Any CPU.Build.0 = Release|Any CPU
	EndGlobalSection
	GlobalSection(SolutionProperties) = preSolution
		HideSolutionNode = FALSE
	EndGlobalSection
	GlobalSection(ExtensibilityGlobals) = postSolution
		SolutionGuid = {7901D70F-CABE-4DE9-9736-CA97B11F70CA}
	EndGlobalSection
EndGlobal
